
Microsoft Visual Studio Solution File, Format Version 12.00
# Visual Studio Version 17
VisualStudioVersion = 17.8.34330.188
MinimumVisualStudioVersion = 10.0.40219.1
Project("{FAE04EC0-301F-11D3-BF4B-00C04F79EFBC}") = "TeachersRecord", "TeachersRecord\TeachersRecord.csproj", "{DB6A9391-BA38-4617-867B-5B65D75A2EB4}"
EndProject
Global
	GlobalSection(SolutionConfigurationPlatforms) = preSolution
		Debug|Any CPU = Debug|Any CPU
		Release|Any CPU = Release|Any CPU
	EndGlobalSection
	GlobalSection(ProjectConfigurationPlatforms) = postSolution
		{DB6A9391-BA38-4617-867B-5B65D75A2EB4}.Debug|Any CPU.ActiveCfg = Debug|Any CPU
		{DB6A9391-BA38-4617-867B-5B65D75A2EB4}.Debug|Any CPU.Build.0 = Debug|Any CPU
		{DB6A9391-BA38-4617-867B-5B65D75A2EB4}.Release|Any CPU.ActiveCfg = Release|Any CPU
		{DB6A9391-BA38-4617-867B-5B65D75A2EB4}.Release|Any CPU.Build.0 = Release|Any CPU
	EndGlobalSection
	GlobalSection(SolutionProperties) = preSolution
		HideSolutionNode = FALSE
	EndGlobalSection
	GlobalSection(ExtensibilityGlobals) = postSolution
		SolutionGuid = {7CD7A6FF-CF3B-4EC0-8FD0-C3D6F8A617BA}
	EndGlobalSection
EndGlobal
